// !$*UTF8*$!
{
	archiveVersion = 1;
	classes = {
	};
	objectVersion = 46;
	objects = {

/* Begin PBXBuildFile section */
		3715AD991D34B861000DA1AB /* AppDelegate.swift in Sources */ = {isa = PBXBuildFile; fileRef = 3715AD981D34B861000DA1AB /* AppDelegate.swift */; };
		3715AD9B1D34B861000DA1AB /* ViewController.swift in Sources */ = {isa = PBXBuildFile; fileRef = 3715AD9A1D34B861000DA1AB /* ViewController.swift */; };
		3715AD9E1D34B861000DA1AB /* Main.storyboard in Resources */ = {isa = PBXBuildFile; fileRef = 3715AD9C1D34B861000DA1AB /* Main.storyboard */; };
		3715ADA01D34B861000DA1AB /* Assets.xcassets in Resources */ = {isa = PBXBuildFile; fileRef = 3715AD9F1D34B861000DA1AB /* Assets.xcassets */; };
		3715ADA31D34B861000DA1AB /* LaunchScreen.storyboard in Resources */ = {isa = PBXBuildFile; fileRef = 3715ADA11D34B861000DA1AB /* LaunchScreen.storyboard */; };
/* End PBXBuildFile section */

/* Begin PBXFileReference section */
		3715AD951D34B861000DA1AB /* Times Tables.app */ = {isa = PBXFileReference; explicitFileType = wrapper.application; includeInIndex = 0; path = "Times Tables.app"; sourceTree = BUILT_PRODUCTS_DIR; };
		3715AD981D34B861000DA1AB /* AppDelegate.swift */ = {isa = PBXFileReference; lastKnownFileType = sourcecode.swift; path = AppDelegate.swift; sourceTree = "<group>"; };
		3715AD9A1D34B861000DA1AB /* ViewController.swift */ = {isa = PBXFileReference; lastKnownFileType = sourcecode.swift; path = ViewController.swift; sourceTree = "<group>"; };
		3715AD9D1D34B861000DA1AB /* Base */ = {isa = PBXFileReference; lastKnownFileType = file.storyboard; name = Base; path = Base.lproj/Main.storyboard; sourceTree = "<group>"; };
		3715AD9F1D34B861000DA1AB /* Assets.xcassets */ = {isa = PBXFileReference; lastKnownFileType = folder.assetcatalog; path = Assets.xcassets; sourceTree = "<group>"; };
		3715ADA21D34B861000DA1AB /* Base */ = {isa = PBXFileReference; lastKnownFileType = file.storyboard; name = Base; path = Base.lproj/LaunchScreen.storyboard; sourceTree = "<group>"; };
		3715ADA41D34B861000DA1AB /* Info.plist */ = {isa = PBXFileReference; lastKnownFileType = text.plist.xml; path = Info.plist; sourceTree = "<group>"; };
/* End PBXFileReference section */

/* Begin PBXFrameworksBuildPhase section */
		3715AD921D34B861000DA1AB /* Frameworks */ = {
			isa = PBXFrameworksBuildPhase;
			buildActionMask = 2147483647;
			files = (
			);
			runOnlyForDeploymentPostprocessing = 0;
		};
/* End PBXFrameworksBuildPhase section */

/* Begin PBXGroup section */
		3715AD8C1D34B860000DA1AB = {
			isa = PBXGroup;
			children = (
				3715AD971D34B861000DA1AB /* Times Tables */,
				3715AD961D34B861000DA1AB /* Products */,
			);
			sourceTree = "<group>";
		};
		3715AD961D34B861000DA1AB /* Products */ = {
			isa = PBXGroup;
			children = (
				3715AD951D34B861000DA1AB /* Times Tables.app */,
			);
			name = Products;
			sourceTree = "<group>";
		};
		3715AD971D34B861000DA1AB /* Times Tables */ = {
			isa = PBXGroup;
			children = (
				3715AD981D34B861000DA1AB /* AppDelegate.swift */,
				3715AD9A1D34B861000DA1AB /* ViewController.swift */,
				3715AD9C1D34B861000DA1AB /* Main.storyboard */,
				3715AD9F1D34B861000DA1AB /* Assets.xcassets */,
				3715ADA11D34B861000DA1AB /* LaunchScreen.storyboard */,
				3715ADA41D34B861000DA1AB /* Info.plist */,
			);
			path = "Times Tables";
			sourceTree = "<group>";
		};
/* End PBXGroup section */

/* Begin PBXNativeTarget section */
		3715AD941D34B861000DA1AB /* Times Tables */ = {
			isa = PBXNativeTarget;
			buildConfigurationList = 3715ADA71D34B861000DA1AB /* Build configuration list for PBXNativeTarget "Times Tables" */;
			buildPhases = (
				3715AD911D34B861000DA1AB /* Sources */,
				3715AD921D34B861000DA1AB /* Frameworks */,
				3715AD931D34B861000DA1AB /* Resources */,
			);
			buildRules = (
			);
			dependencies = (
			);
			name = "Times Tables";
			productName = "Times Tables";
			productReference = 3715AD951D34B861000DA1AB /* Times Tables.app */;
			productType = "com.apple.product-type.application";
		};
/* End PBXNativeTarget section */

/* Begin PBXProject section */
		3715AD8D1D34B860000DA1AB /* Project object */ = {
			isa = PBXProject;
			attributes = {
				LastSwiftUpdateCheck = 0730;
				LastUpgradeCheck = 0730;
				ORGANIZATIONNAME = "Ryan Lim";
				TargetAttributes = {
					3715AD941D34B861000DA1AB = {
						CreatedOnToolsVersion = 7.3.1;
						DevelopmentTeam = T36N8475ZJ;
					};
				};
			};
			buildConfigurationList = 3715AD901D34B860000DA1AB /* Build configuration list for PBXProject "Times Tables" */;
			compatibilityVersion = "Xcode 3.2";
			developmentRegion = English;
			hasScannedForEncodings = 0;
			knownRegions = (
				en,
				Base,
			);
			mainGroup = 3715AD8C1D34B860000DA1AB;
			productRefGroup = 3715AD961D34B861000DA1AB /* Products */;
			projectDirPath = "";
			projectRoot = "";
			targets = (
				3715AD941D34B861000DA1AB /* Times Tables */,
			);
		};
/* End PBXProject section */

/* Begin PBXResourcesBuildPhase section */
		3715AD931D34B861000DA1AB /* Resources */ = {
			isa = PBXResourcesBuildPhase;
			buildActionMask = 2147483647;
			files = (
				3715ADA31D34B861000DA1AB /* LaunchScreen.storyboard in Resources */,
				3715ADA01D34B861000DA1AB /* Assets.xcassets in Resources */,
				3715AD9E1D34B861000DA1AB /* Main.storyboard in Resources */,
			);
			runOnlyForDeploymentPostprocessing = 0;
		};
/* End PBXResourcesBuildPhase section */

/* Begin PBXSourcesBuildPhase section */
		3715AD911D34B861000DA1AB /* Sources */ = {
			isa = PBXSourcesBuildPhase;
			buildActionMask = 2147483647;
			files = (
				3715AD9B1D34B861000DA1AB /* ViewController.swift in Sources */,
				3715AD991D34B861000DA1AB /* AppDelegate.swift in Sources */,
			);
			runOnlyForDeploymentPostprocessing = 0;
		};
/* End PBXSourcesBuildPhase section */

/* Begin PBXVariantGroup section */
		3715AD9C1D34B861000DA1AB /* Main.storyboard */ = {
			isa = PBXVariantGroup;
			children = (
				3715AD9D1D34B861000DA1AB /* Base */,
			);
			name = Main.storyboard;
			sourceTree = "<group>";
		};
		3715ADA11D34B861000DA1AB /* LaunchScreen.storyboard */ = {
			isa = PBXVariantGroup;
			children = (
				3715ADA21D34B861000DA1AB /* Base */,
			);
			name = LaunchScreen.storyboard;
			sourceTree = "<group>";
		};
/* End PBXVariantGroup section */

/* Begin XCBuildConfiguration section */
		3715ADA51D34B861000DA1AB /* Debug */ = {
			isa = XCBuildConfiguration;
			buildSettings = {
				ALWAYS_SEARCH_USER_PATHS = NO;
				CLANG_ANALYZER_NONNULL = YES;
				CLANG_CXX_LANGUAGE_STANDARD = "gnu++0x";
				CLANG_CXX_LIBRARY = "libc++";
				CLANG_ENABLE_MODULES = YES;
				CLANG_ENABLE_OBJC_ARC = YES;
				CLANG_WARN_BOOL_CONVERSION = YES;
				CLANG_WARN_CONSTANT_CONVERSION = YES;
				CLANG_WARN_DIRECT_OBJC_ISA_USAGE = YES_ERROR;
				CLANG_WARN_EMPTY_BODY = YES;
				CLANG_WARN_ENUM_CONVERSION = YES;
				CLANG_WARN_INT_CONVERSION = YES;
				CLANG_WARN_OBJC_ROOT_CLASS = YES_ERROR;
				CLANG_WARN_UNREACHABLE_CODE = YES;
				CLANG_WARN__DUPLICATE_METHOD_MATCH = YES;
				"CODE_SIGN_IDENTITY[sdk=iphoneos*]" = "iPhone Developer";
				COPY_PHASE_STRIP = NO;
				DEBUG_INFORMATION_FORMAT = dwarf;
				ENABLE_STRICT_OBJC_MSGSEND = YES;
				ENABLE_TESTABILITY = YES;
				GCC_C_LANGUAGE_STANDARD = gnu99;
				GCC_DYNAMIC_NO_PIC = NO;
				GCC_NO_COMMON_BLOCKS = YES;
				GCC_OPTIMIZATION_LEVEL = 0;
				GCC_PREPROCESSOR_DEFINITIONS = (
					"DEBUG=1",
					"$(inherited)",
				);
				GCC_WARN_64_TO_32_BIT_CONVERSION = YES;
				GCC_WARN_ABOUT_RETURN_TYPE = YES_ERROR;
				GCC_WARN_UNDECLARED_SELECTOR = YES;
				GCC_WARN_UNINITIALIZED_AUTOS = YES_AGGRESSIVE;
				GCC_WARN_UNUSED_FUNCTION = YES;
				GCC_WARN_UNUSED_VARIABLE = YES;
				IPHONEOS_DEPLOYMENT_TARGET = 9.3;
				MTL_ENABLE_DEBUG_INFO = YES;
				ONLY_ACTIVE_ARCH = YES;
				SDKROOT = iphoneos;
				SWIFT_OPTIMIZATION_LEVEL = "-Onone";
			};
			name = Debug;
		};
		3715ADA61D34B861000DA1AB /* Release */ = {
			isa = XCBuildConfiguration;
			buildSettings = {
				ALWAYS_SEARCH_USER_PATHS = NO;
				CLANG_ANALYZER_NONNULL = YES;
				CLANG_CXX_LANGUAGE_STANDARD = "gnu++0x";
				CLANG_CXX_LIBRARY = "libc++";
				CLANG_ENABLE_MODULES = YES;
				CLANG_ENABLE_OBJC_ARC = YES;
				CLANG_WARN_BOOL_CONVERSION = YES;
				CLANG_WARN_CONSTANT_CONVERSION = YES;
				CLANG_WARN_DIRECT_OBJC_ISA_USAGE = YES_ERROR;
				CLANG_WARN_EMPTY_BODY = YES;
				CLANG_WARN_ENUM_CONVERSION = YES;
				CLANG_WARN_INT_CONVERSION = YES;
				CLANG_WARN_OBJC_ROOT_CLASS = YES_ERROR;
				CLANG_WARN_UNREACHABLE_CODE = YES;
				CLANG_WARN__DUPLICATE_METHOD_MATCH = YES;
				"CODE_SIGN_IDENTITY[sdk=iphoneos*]" = "iPhone Developer";
				COPY_PHASE_STRIP = NO;
				DEBUG_INFORMATION_FORMAT = "dwarf-with-dsym";
				ENABLE_NS_ASSERTIONS = NO;
				ENABLE_STRICT_OBJC_MSGSEND = YES;
				GCC_C_LANGUAGE_STANDARD = gnu99;
				GCC_NO_COMMON_BLOCKS = YES;
				GCC_WARN_64_TO_32_BIT_CONVERSION = YES;
				GCC_WARN_ABOUT_RETURN_TYPE = YES_ERROR;
				GCC_WARN_UNDECLARED_SELECTOR = YES;
				GCC_WARN_UNINITIALIZED_AUTOS = YES_AGGRESSIVE;
				GCC_WARN_UNUSED_FUNCTION = YES;
				GCC_WARN_UNUSED_VARIABLE = YES;
				IPHONEOS_DEPLOYMENT_TARGET = 9.3;
				MTL_ENABLE_DEBUG_INFO = NO;
				SDKROOT = iphoneos;
				VALIDATE_PRODUCT = YES;
			};
			name = Release;
		};
		3715ADA81D34B861000DA1AB /* Debug */ = {
			isa = XCBuildConfiguration;
			buildSettings = {
				ASSETCATALOG_COMPILER_APPICON_NAME = AppIcon;
				INFOPLIST_FILE = "Times Tables/Info.plist";
				LD_RUNPATH_SEARCH_PATHS = "$(inherited) @executable_path/Frameworks";
				PRODUCT_BUNDLE_IDENTIFIER = "com.ryanlim.Times-Tables";
				PRODUCT_NAME = "$(TARGET_NAME)";
			};
			name = Debug;
		};
		3715ADA91D34B861000DA1AB /* Release */ = {
			isa = XCBuildConfiguration;
			buildSettings = {
				ASSETCATALOG_COMPILER_APPICON_NAME = AppIcon;
				INFOPLIST_FILE = "Times Tables/Info.plist";
				LD_RUNPATH_SEARCH_PATHS = "$(inherited) @executable_path/Frameworks";
				PRODUCT_BUNDLE_IDENTIFIER = "com.ryanlim.Times-Tables";
				PRODUCT_NAME = "$(TARGET_NAME)";
			};
			name = Release;
		};
/* End XCBuildConfiguration section */

/* Begin XCConfigurationList section */
		3715AD901D34B860000DA1AB /* Build configuration list for PBXProject "Times Tables" */ = {
			isa = XCConfigurationList;
			buildConfigurations = (
				3715ADA51D34B861000DA1AB /* Debug */,
				3715ADA61D34B861000DA1AB /* Release */,
			);
			defaultConfigurationIsVisible = 0;
			defaultConfigurationName = Release;
		};
		3715ADA71D34B861000DA1AB /* Build configuration list for PBXNativeTarget "Times Tables" */ = {
			isa = XCConfigurationList;
			buildConfigurations = (
				3715ADA81D34B861000DA1AB /* Debug */,
				3715ADA91D34B861000DA1AB /* Release */,
			);
			defaultConfigurationIsVisible = 0;
		};
/* End XCConfigurationList section */
	};
	rootObject = 3715AD8D1D34B860000DA1AB /* Project object */;
}
